// !$*UTF8*$!
{
	archiveVersion = 1;
	classes = {
	};
	objectVersion = 50;
	objects = {

/* Begin PBXBuildFile section */
		B95958F326A766CE009ABEBC /* AppDelegate.swift in Sources */ = {isa = PBXBuildFile; fileRef = B95958F226A766CE009ABEBC /* AppDelegate.swift */; };
		B95958F526A766CE009ABEBC /* SceneDelegate.swift in Sources */ = {isa = PBXBuildFile; fileRef = B95958F426A766CE009ABEBC /* SceneDelegate.swift */; };
		B95958F726A766CE009ABEBC /* ViewController.swift in Sources */ = {isa = PBXBuildFile; fileRef = B95958F626A766CE009ABEBC /* ViewController.swift */; };
		B95958FA26A766CE009ABEBC /* Main.storyboard in Resources */ = {isa = PBXBuildFile; fileRef = B95958F826A766CE009ABEBC /* Main.storyboard */; };
		B95958FD26A766CE009ABEBC /* finalProjectKWK.xcdatamodeld in Sources */ = {isa = PBXBuildFile; fileRef = B95958FB26A766CE009ABEBC /* finalProjectKWK.xcdatamodeld */; };
		B95958FF26A766D1009ABEBC /* Assets.xcassets in Resources */ = {isa = PBXBuildFile; fileRef = B95958FE26A766D1009ABEBC /* Assets.xcassets */; };
		B959590226A766D1009ABEBC /* LaunchScreen.storyboard in Resources */ = {isa = PBXBuildFile; fileRef = B959590026A766D1009ABEBC /* LaunchScreen.storyboard */; };
/* End PBXBuildFile section */

/* Begin PBXFileReference section */
		B95958EF26A766CE009ABEBC /* finalProjectKWK.app */ = {isa = PBXFileReference; explicitFileType = wrapper.application; includeInIndex = 0; path = finalProjectKWK.app; sourceTree = BUILT_PRODUCTS_DIR; };
		B95958F226A766CE009ABEBC /* AppDelegate.swift */ = {isa = PBXFileReference; lastKnownFileType = sourcecode.swift; path = AppDelegate.swift; sourceTree = "<group>"; };
		B95958F426A766CE009ABEBC /* SceneDelegate.swift */ = {isa = PBXFileReference; lastKnownFileType = sourcecode.swift; path = SceneDelegate.swift; sourceTree = "<group>"; };
		B95958F626A766CE009ABEBC /* ViewController.swift */ = {isa = PBXFileReference; lastKnownFileType = sourcecode.swift; path = ViewController.swift; sourceTree = "<group>"; };
		B95958F926A766CE009ABEBC /* Base */ = {isa = PBXFileReference; lastKnownFileType = file.storyboard; name = Base; path = Base.lproj/Main.storyboard; sourceTree = "<group>"; };
		B95958FC26A766CE009ABEBC /* finalProjectKWK.xcdatamodel */ = {isa = PBXFileReference; lastKnownFileType = wrapper.xcdatamodel; path = finalProjectKWK.xcdatamodel; sourceTree = "<group>"; };
		B95958FE26A766D1009ABEBC /* Assets.xcassets */ = {isa = PBXFileReference; lastKnownFileType = folder.assetcatalog; path = Assets.xcassets; sourceTree = "<group>"; };
		B959590126A766D1009ABEBC /* Base */ = {isa = PBXFileReference; lastKnownFileType = file.storyboard; name = Base; path = Base.lproj/LaunchScreen.storyboard; sourceTree = "<group>"; };
		B959590326A766D1009ABEBC /* Info.plist */ = {isa = PBXFileReference; lastKnownFileType = text.plist.xml; path = Info.plist; sourceTree = "<group>"; };
/* End PBXFileReference section */

/* Begin PBXFrameworksBuildPhase section */
		B95958EC26A766CE009ABEBC /* Frameworks */ = {
			isa = PBXFrameworksBuildPhase;
			buildActionMask = 2147483647;
			files = (
			);
			runOnlyForDeploymentPostprocessing = 0;
		};
/* End PBXFrameworksBuildPhase section */

/* Begin PBXGroup section */
		B95958E626A766CE009ABEBC = {
			isa = PBXGroup;
			children = (
				B95958F126A766CE009ABEBC /* finalProjectKWK */,
				B95958F026A766CE009ABEBC /* Products */,
			);
			sourceTree = "<group>";
		};
		B95958F026A766CE009ABEBC /* Products */ = {
			isa = PBXGroup;
			children = (
				B95958EF26A766CE009ABEBC /* finalProjectKWK.app */,
			);
			name = Products;
			sourceTree = "<group>";
		};
		B95958F126A766CE009ABEBC /* finalProjectKWK */ = {
			isa = PBXGroup;
			children = (
				B95958F226A766CE009ABEBC /* AppDelegate.swift */,
				B95958F426A766CE009ABEBC /* SceneDelegate.swift */,
				B95958F626A766CE009ABEBC /* ViewController.swift */,
				B95958F826A766CE009ABEBC /* Main.storyboard */,
				B95958FE26A766D1009ABEBC /* Assets.xcassets */,
				B959590026A766D1009ABEBC /* LaunchScreen.storyboard */,
				B959590326A766D1009ABEBC /* Info.plist */,
				B95958FB26A766CE009ABEBC /* finalProjectKWK.xcdatamodeld */,
			);
			path = finalProjectKWK;
			sourceTree = "<group>";
		};
/* End PBXGroup section */

/* Begin PBXNativeTarget section */
		B95958EE26A766CE009ABEBC /* finalProjectKWK */ = {
			isa = PBXNativeTarget;
			buildConfigurationList = B959590626A766D1009ABEBC /* Build configuration list for PBXNativeTarget "finalProjectKWK" */;
			buildPhases = (
				B95958EB26A766CE009ABEBC /* Sources */,
				B95958EC26A766CE009ABEBC /* Frameworks */,
				B95958ED26A766CE009ABEBC /* Resources */,
			);
			buildRules = (
			);
			dependencies = (
			);
			name = finalProjectKWK;
			productName = finalProjectKWK;
			productReference = B95958EF26A766CE009ABEBC /* finalProjectKWK.app */;
			productType = "com.apple.product-type.application";
		};
/* End PBXNativeTarget section */

/* Begin PBXProject section */
		B95958E726A766CE009ABEBC /* Project object */ = {
			isa = PBXProject;
			attributes = {
				LastSwiftUpdateCheck = 1250;
				LastUpgradeCheck = 1250;
				TargetAttributes = {
					B95958EE26A766CE009ABEBC = {
						CreatedOnToolsVersion = 12.5.1;
					};
				};
			};
			buildConfigurationList = B95958EA26A766CE009ABEBC /* Build configuration list for PBXProject "finalProjectKWK" */;
			compatibilityVersion = "Xcode 9.3";
			developmentRegion = en;
			hasScannedForEncodings = 0;
			knownRegions = (
				en,
				Base,
			);
			mainGroup = B95958E626A766CE009ABEBC;
			productRefGroup = B95958F026A766CE009ABEBC /* Products */;
			projectDirPath = "";
			projectRoot = "";
			targets = (
				B95958EE26A766CE009ABEBC /* finalProjectKWK */,
			);
		};
/* End PBXProject section */

/* Begin PBXResourcesBuildPhase section */
		B95958ED26A766CE009ABEBC /* Resources */ = {
			isa = PBXResourcesBuildPhase;
			buildActionMask = 2147483647;
			files = (
				B959590226A766D1009ABEBC /* LaunchScreen.storyboard in Resources */,
				B95958FF26A766D1009ABEBC /* Assets.xcassets in Resources */,
				B95958FA26A766CE009ABEBC /* Main.storyboard in Resources */,
			);
			runOnlyForDeploymentPostprocessing = 0;
		};
/* End PBXResourcesBuildPhase section */

/* Begin PBXSourcesBuildPhase section */
		B95958EB26A766CE009ABEBC /* Sources */ = {
			isa = PBXSourcesBuildPhase;
			buildActionMask = 2147483647;
			files = (
				B95958F726A766CE009ABEBC /* ViewController.swift in Sources */,
				B95958F326A766CE009ABEBC /* AppDelegate.swift in Sources */,
				B95958FD26A766CE009ABEBC /* finalProjectKWK.xcdatamodeld in Sources */,
				B95958F526A766CE009ABEBC /* SceneDelegate.swift in Sources */,
			);
			runOnlyForDeploymentPostprocessing = 0;
		};
/* End PBXSourcesBuildPhase section */

/* Begin PBXVariantGroup section */
		B95958F826A766CE009ABEBC /* Main.storyboard */ = {
			isa = PBXVariantGroup;
			children = (
				B95958F926A766CE009ABEBC /* Base */,
			);
			name = Main.storyboard;
			sourceTree = "<group>";
		};
		B959590026A766D1009ABEBC /* LaunchScreen.storyboard */ = {
			isa = PBXVariantGroup;
			children = (
				B959590126A766D1009ABEBC /* Base */,
			);
			name = LaunchScreen.storyboard;
			sourceTree = "<group>";
		};
/* End PBXVariantGroup section */

/* Begin XCBuildConfiguration section */
		B959590426A766D1009ABEBC /* Debug */ = {
			isa = XCBuildConfiguration;
			buildSettings = {
				ALWAYS_SEARCH_USER_PATHS = NO;
				CLANG_ANALYZER_NONNULL = YES;
				CLANG_ANALYZER_NUMBER_OBJECT_CONVERSION = YES_AGGRESSIVE;
				CLANG_CXX_LANGUAGE_STANDARD = "gnu++14";
				CLANG_CXX_LIBRARY = "libc++";
				CLANG_ENABLE_MODULES = YES;
				CLANG_ENABLE_OBJC_ARC = YES;
				CLANG_ENABLE_OBJC_WEAK = YES;
				CLANG_WARN_BLOCK_CAPTURE_AUTORELEASING = YES;
				CLANG_WARN_BOOL_CONVERSION = YES;
				CLANG_WARN_COMMA = YES;
				CLANG_WARN_CONSTANT_CONVERSION = YES;
				CLANG_WARN_DEPRECATED_OBJC_IMPLEMENTATIONS = YES;
				CLANG_WARN_DIRECT_OBJC_ISA_USAGE = YES_ERROR;
				CLANG_WARN_DOCUMENTATION_COMMENTS = YES;
				CLANG_WARN_EMPTY_BODY = YES;
				CLANG_WARN_ENUM_CONVERSION = YES;
				CLANG_WARN_INFINITE_RECURSION = YES;
				CLANG_WARN_INT_CONVERSION = YES;
				CLANG_WARN_NON_LITERAL_NULL_CONVERSION = YES;
				CLANG_WARN_OBJC_IMPLICIT_RETAIN_SELF = YES;
				CLANG_WARN_OBJC_LITERAL_CONVERSION = YES;
				CLANG_WARN_OBJC_ROOT_CLASS = YES_ERROR;
				CLANG_WARN_QUOTED_INCLUDE_IN_FRAMEWORK_HEADER = YES;
				CLANG_WARN_RANGE_LOOP_ANALYSIS = YES;
				CLANG_WARN_STRICT_PROTOTYPES = YES;
				CLANG_WARN_SUSPICIOUS_MOVE = YES;
				CLANG_WARN_UNGUARDED_AVAILABILITY = YES_AGGRESSIVE;
				CLANG_WARN_UNREACHABLE_CODE = YES;
				CLANG_WARN__DUPLICATE_METHOD_MATCH = YES;
				COPY_PHASE_STRIP = NO;
				DEBUG_INFORMATION_FORMAT = dwarf;
				ENABLE_STRICT_OBJC_MSGSEND = YES;
				ENABLE_TESTABILITY = YES;
				GCC_C_LANGUAGE_STANDARD = gnu11;
				GCC_DYNAMIC_NO_PIC = NO;
				GCC_NO_COMMON_BLOCKS = YES;
				GCC_OPTIMIZATION_LEVEL = 0;
				GCC_PREPROCESSOR_DEFINITIONS = (
					"DEBUG=1",
					"$(inherited)",
				);
				GCC_WARN_64_TO_32_BIT_CONVERSION = YES;
				GCC_WARN_ABOUT_RETURN_TYPE = YES_ERROR;
				GCC_WARN_UNDECLARED_SELECTOR = YES;
				GCC_WARN_UNINITIALIZED_AUTOS = YES_AGGRESSIVE;
				GCC_WARN_UNUSED_FUNCTION = YES;
				GCC_WARN_UNUSED_VARIABLE = YES;
				IPHONEOS_DEPLOYMENT_TARGET = 14.5;
				MTL_ENABLE_DEBUG_INFO = INCLUDE_SOURCE;
				MTL_FAST_MATH = YES;
				ONLY_ACTIVE_ARCH = YES;
				SDKROOT = iphoneos;
				SWIFT_ACTIVE_COMPILATION_CONDITIONS = DEBUG;
				SWIFT_OPTIMIZATION_LEVEL = "-Onone";
			};
			name = Debug;
		};
		B959590526A766D1009ABEBC /* Release */ = {
			isa = XCBuildConfiguration;
			buildSettings = {
				ALWAYS_SEARCH_USER_PATHS = NO;
				CLANG_ANALYZER_NONNULL = YES;
				CLANG_ANALYZER_NUMBER_OBJECT_CONVERSION = YES_AGGRESSIVE;
				CLANG_CXX_LANGUAGE_STANDARD = "gnu++14";
				CLANG_CXX_LIBRARY = "libc++";
				CLANG_ENABLE_MODULES = YES;
				CLANG_ENABLE_OBJC_ARC = YES;
				CLANG_ENABLE_OBJC_WEAK = YES;
				CLANG_WARN_BLOCK_CAPTURE_AUTORELEASING = YES;
				CLANG_WARN_BOOL_CONVERSION = YES;
				CLANG_WARN_COMMA = YES;
				CLANG_WARN_CONSTANT_CONVERSION = YES;
				CLANG_WARN_DEPRECATED_OBJC_IMPLEMENTATIONS = YES;
				CLANG_WARN_DIRECT_OBJC_ISA_USAGE = YES_ERROR;
				CLANG_WARN_DOCUMENTATION_COMMENTS = YES;
				CLANG_WARN_EMPTY_BODY = YES;
				CLANG_WARN_ENUM_CONVERSION = YES;
				CLANG_WARN_INFINITE_RECURSION = YES;
				CLANG_WARN_INT_CONVERSION = YES;
				CLANG_WARN_NON_LITERAL_NULL_CONVERSION = YES;
				CLANG_WARN_OBJC_IMPLICIT_RETAIN_SELF = YES;
				CLANG_WARN_OBJC_LITERAL_CONVERSION = YES;
				CLANG_WARN_OBJC_ROOT_CLASS = YES_ERROR;
				CLANG_WARN_QUOTED_INCLUDE_IN_FRAMEWORK_HEADER = YES;
				CLANG_WARN_RANGE_LOOP_ANALYSIS = YES;
				CLANG_WARN_STRICT_PROTOTYPES = YES;
				CLANG_WARN_SUSPICIOUS_MOVE = YES;
				CLANG_WARN_UNGUARDED_AVAILABILITY = YES_AGGRESSIVE;
				CLANG_WARN_UNREACHABLE_CODE = YES;
				CLANG_WARN__DUPLICATE_METHOD_MATCH = YES;
				COPY_PHASE_STRIP = NO;
				DEBUG_INFORMATION_FORMAT = "dwarf-with-dsym";
				ENABLE_NS_ASSERTIONS = NO;
				ENABLE_STRICT_OBJC_MSGSEND = YES;
				GCC_C_LANGUAGE_STANDARD = gnu11;
				GCC_NO_COMMON_BLOCKS = YES;
				GCC_WARN_64_TO_32_BIT_CONVERSION = YES;
				GCC_WARN_ABOUT_RETURN_TYPE = YES_ERROR;
				GCC_WARN_UNDECLARED_SELECTOR = YES;
				GCC_WARN_UNINITIALIZED_AUTOS = YES_AGGRESSIVE;
				GCC_WARN_UNUSED_FUNCTION = YES;
				GCC_WARN_UNUSED_VARIABLE = YES;
				IPHONEOS_DEPLOYMENT_TARGET = 14.5;
				MTL_ENABLE_DEBUG_INFO = NO;
				MTL_FAST_MATH = YES;
				SDKROOT = iphoneos;
				SWIFT_COMPILATION_MODE = wholemodule;
				SWIFT_OPTIMIZATION_LEVEL = "-O";
				VALIDATE_PRODUCT = YES;
			};
			name = Release;
		};
		B959590726A766D1009ABEBC /* Debug */ = {
			isa = XCBuildConfiguration;
			buildSettings = {
				ASSETCATALOG_COMPILER_APPICON_NAME = AppIcon;
				ASSETCATALOG_COMPILER_GLOBAL_ACCENT_COLOR_NAME = AccentColor;
				CODE_SIGN_STYLE = Automatic;
				INFOPLIST_FILE = finalProjectKWK/Info.plist;
				LD_RUNPATH_SEARCH_PATHS = (
					"$(inherited)",
					"@executable_path/Frameworks",
				);
				PRODUCT_BUNDLE_IDENTIFIER = avni.finalProjectKWK;
				PRODUCT_NAME = "$(TARGET_NAME)";
				SWIFT_VERSION = 5.0;
				TARGETED_DEVICE_FAMILY = "1,2";
			};
			name = Debug;
		};
		B959590826A766D1009ABEBC /* Release */ = {
			isa = XCBuildConfiguration;
			buildSettings = {
				ASSETCATALOG_COMPILER_APPICON_NAME = AppIcon;
				ASSETCATALOG_COMPILER_GLOBAL_ACCENT_COLOR_NAME = AccentColor;
				CODE_SIGN_STYLE = Automatic;
				INFOPLIST_FILE = finalProjectKWK/Info.plist;
				LD_RUNPATH_SEARCH_PATHS = (
					"$(inherited)",
					"@executable_path/Frameworks",
				);
				PRODUCT_BUNDLE_IDENTIFIER = avni.finalProjectKWK;
				PRODUCT_NAME = "$(TARGET_NAME)";
				SWIFT_VERSION = 5.0;
				TARGETED_DEVICE_FAMILY = "1,2";
			};
			name = Release;
		};
/* End XCBuildConfiguration section */

/* Begin XCConfigurationList section */
		B95958EA26A766CE009ABEBC /* Build configuration list for PBXProject "finalProjectKWK" */ = {
			isa = XCConfigurationList;
			buildConfigurations = (
				B959590426A766D1009ABEBC /* Debug */,
				B959590526A766D1009ABEBC /* Release */,
			);
			defaultConfigurationIsVisible = 0;
			defaultConfigurationName = Release;
		};
		B959590626A766D1009ABEBC /* Build configuration list for PBXNativeTarget "finalProjectKWK" */ = {
			isa = XCConfigurationList;
			buildConfigurations = (
				B959590726A766D1009ABEBC /* Debug */,
				B959590826A766D1009ABEBC /* Release */,
			);
			defaultConfigurationIsVisible = 0;
			defaultConfigurationName = Release;
		};
/* End XCConfigurationList section */

/* Begin XCVersionGroup section */
		B95958FB26A766CE009ABEBC /* finalProjectKWK.xcdatamodeld */ = {
			isa = XCVersionGroup;
			children = (
				B95958FC26A766CE009ABEBC /* finalProjectKWK.xcdatamodel */,
			);
			currentVersion = B95958FC26A766CE009ABEBC /* finalProjectKWK.xcdatamodel */;
			path = finalProjectKWK.xcdatamodeld;
			sourceTree = "<group>";
			versionGroupType = wrapper.xcdatamodel;
		};
/* End XCVersionGroup section */
	};
	rootObject = B95958E726A766CE009ABEBC /* Project object */;
}
